
Microsoft Visual Studio Solution File, Format Version 12.00
# Visual Studio 2012
Project("{FAE04EC0-301F-11D3-BF4B-00C04F79EFBC}") = "WebController.Droid", "WebController.Droid.csproj", "{F1DB03F4-CE89-4020-B55A-8B39936F54F8}"
EndProject
Global
	GlobalSection(SolutionConfigurationPlatforms) = preSolution
		Debug|Any CPU = Debug|Any CPU
		Release|Any CPU = Release|Any CPU
	EndGlobalSection
	GlobalSection(ProjectConfigurationPlatforms) = postSolution
		{F1DB03F4-CE89-4020-B55A-8B39936F54F8}.Debug|Any CPU.ActiveCfg = Debug|Any CPU
		{F1DB03F4-CE89-4020-B55A-8B39936F54F8}.Debug|Any CPU.Build.0 = Debug|Any CPU
		{F1DB03F4-CE89-4020-B55A-8B39936F54F8}.Release|Any CPU.ActiveCfg = Release|Any CPU
		{F1DB03F4-CE89-4020-B55A-8B39936F54F8}.Release|Any CPU.Build.0 = Release|Any CPU
	EndGlobalSection
EndGlobal
